
Microsoft Visual Studio Solution File, Format Version 12.00
# Visual Studio Version 17
VisualStudioVersion = 17.11.35219.272
MinimumVisualStudioVersion = 10.0.40219.1
Project("{FAE04EC0-301F-11D3-BF4B-00C04F79EFBC}") = "tpractico5", "tpractico5\tpractico5.csproj", "{A516D811-757E-4C37-9F4A-8B31BF7C73FE}"
EndProject
Global
	GlobalSection(SolutionConfigurationPlatforms) = preSolution
		Debug|Any CPU = Debug|Any CPU
		Release|Any CPU = Release|Any CPU
	EndGlobalSection
	GlobalSection(ProjectConfigurationPlatforms) = postSolution
		{A516D811-757E-4C37-9F4A-8B31BF7C73FE}.Debug|Any CPU.ActiveCfg = Debug|Any CPU
		{A516D811-757E-4C37-9F4A-8B31BF7C73FE}.Debug|Any CPU.Build.0 = Debug|Any CPU
		{A516D811-757E-4C37-9F4A-8B31BF7C73FE}.Release|Any CPU.ActiveCfg = Release|Any CPU
		{A516D811-757E-4C37-9F4A-8B31BF7C73FE}.Release|Any CPU.Build.0 = Release|Any CPU
	EndGlobalSection
	GlobalSection(SolutionProperties) = preSolution
		HideSolutionNode = FALSE
	EndGlobalSection
	GlobalSection(ExtensibilityGlobals) = postSolution
		SolutionGuid = {E0FDE4A7-FC89-478F-90E0-5C2A01D6AE72}
	EndGlobalSection
EndGlobal
